
Microsoft Visual Studio Solution File, Format Version 12.00
# Visual Studio Version 16
VisualStudioVersion = 16.0.31729.503
MinimumVisualStudioVersion = 10.0.40219.1
Project("{D2ABAB84-BF74-430A-B69E-9DC6D40DDA17}") = "Project_OLAP_Cubes", "Project_OLAP_Cubes.dwproj", "{C8807E7F-996E-4367-8F55-FBF05A66C602}"
EndProject
Global
	GlobalSection(SolutionConfigurationPlatforms) = preSolution
		Development|Default = Development|Default
	EndGlobalSection
	GlobalSection(ProjectConfigurationPlatforms) = postSolution
		{C8807E7F-996E-4367-8F55-FBF05A66C602}.Development|Default.ActiveCfg = Development
		{C8807E7F-996E-4367-8F55-FBF05A66C602}.Development|Default.Build.0 = Development
		{C8807E7F-996E-4367-8F55-FBF05A66C602}.Development|Default.Deploy.0 = Development
	EndGlobalSection
	GlobalSection(SolutionProperties) = preSolution
		HideSolutionNode = FALSE
	EndGlobalSection
	GlobalSection(ExtensibilityGlobals) = postSolution
		SolutionGuid = {A2D431C1-C7B8-43B6-9743-33391144B4A4}
	EndGlobalSection
EndGlobal
